dependencies:
- name: mongodb
  repository: https://charts.bitnami.com/bitnami
  version: 18.5.0
- name: redis
  repository: https://charts.bitnami.com/bitnami
  version: 25.3.0
- name: minio
  repository: https://charts.bitnami.com/bitnami
  version: 17.0.21
- name: rabbitmq
  repository: https://charts.bitnami.com/bitnami
  version: 16.0.14
digest: sha256:108c44f304aeaa566eaeab671422012474feb116ec8561cec161520d80b60021
generated: "2026-02-18T14:49:31.6363458+01:00"
