dependencies:
- name: mongodb
  repository: https://charts.bitnami.com/bitnami
  version: 18.5.0
- name: redis
  repository: https://charts.bitnami.com/bitnami
  version: 25.3.0
- name: minio
  repository: https://charts.bitnami.com/bitnami
  version: 17.0.21
- name: rabbitmq
  repository: https://charts.bitnami.com/bitnami
  version: 16.0.14
digest: sha256:c7e4ab93cb0dba93616d943c52a56018f86397538e4bc5df4b581addd2159965
generated: "2026-02-18T14:34:02.7020037+01:00"
